
Microsoft Visual Studio Solution File, Format Version 12.00
# Visual Studio Version 16
VisualStudioVersion = 16.0.30711.63
MinimumVisualStudioVersion = 10.0.40219.1
Project("{FAE04EC0-301F-11D3-BF4B-00C04F79EFBC}") = "16.3", "16.3.csproj", "{30F38144-FCB1-46DB-87B5-6E4B3104E12D}"
EndProject
Global
	GlobalSection(SolutionConfigurationPlatforms) = preSolution
		Debug|Any CPU = Debug|Any CPU
		Release|Any CPU = Release|Any CPU
	EndGlobalSection
	GlobalSection(ProjectConfigurationPlatforms) = postSolution
		{30F38144-FCB1-46DB-87B5-6E4B3104E12D}.Debug|Any CPU.ActiveCfg = Debug|Any CPU
		{30F38144-FCB1-46DB-87B5-6E4B3104E12D}.Debug|Any CPU.Build.0 = Debug|Any CPU
		{30F38144-FCB1-46DB-87B5-6E4B3104E12D}.Release|Any CPU.ActiveCfg = Release|Any CPU
		{30F38144-FCB1-46DB-87B5-6E4B3104E12D}.Release|Any CPU.Build.0 = Release|Any CPU
	EndGlobalSection
	GlobalSection(SolutionProperties) = preSolution
		HideSolutionNode = FALSE
	EndGlobalSection
	GlobalSection(ExtensibilityGlobals) = postSolution
		SolutionGuid = {A52997E3-2EF5-403A-9368-FA6BB4BF98A0}
	EndGlobalSection
EndGlobal
